
Microsoft Visual Studio Solution File, Format Version 12.00
# Visual Studio 15
VisualStudioVersion = 15.0.28307.852
MinimumVisualStudioVersion = 10.0.40219.1
Project("{8BC9CEB8-8B4A-11D0-8D11-00A0C91BC942}") = "gitDemo", "gitDemo\gitDemo.vcxproj", "{B9DBF680-0DF4-4984-A879-D1714A0C4AAF}"
EndProject
Global
	GlobalSection(SolutionConfigurationPlatforms) = preSolution
		Debug|x64 = Debug|x64
		Debug|x86 = Debug|x86
		Release|x64 = Release|x64
		Release|x86 = Release|x86
	EndGlobalSection
	GlobalSection(ProjectConfigurationPlatforms) = postSolution
		{B9DBF680-0DF4-4984-A879-D1714A0C4AAF}.Debug|x64.ActiveCfg = Debug|x64
		{B9DBF680-0DF4-4984-A879-D1714A0C4AAF}.Debug|x64.Build.0 = Debug|x64
		{B9DBF680-0DF4-4984-A879-D1714A0C4AAF}.Debug|x86.ActiveCfg = Debug|Win32
		{B9DBF680-0DF4-4984-A879-D1714A0C4AAF}.Debug|x86.Build.0 = Debug|Win32
		{B9DBF680-0DF4-4984-A879-D1714A0C4AAF}.Release|x64.ActiveCfg = Release|x64
		{B9DBF680-0DF4-4984-A879-D1714A0C4AAF}.Release|x64.Build.0 = Release|x64
		{B9DBF680-0DF4-4984-A879-D1714A0C4AAF}.Release|x86.ActiveCfg = Release|Win32
		{B9DBF680-0DF4-4984-A879-D1714A0C4AAF}.Release|x86.Build.0 = Release|Win32
	EndGlobalSection
	GlobalSection(SolutionProperties) = preSolution
		HideSolutionNode = FALSE
	EndGlobalSection
	GlobalSection(ExtensibilityGlobals) = postSolution
		SolutionGuid = {29326DFD-C29A-40B0-B4AE-66AE05923704}
	EndGlobalSection
EndGlobal
